PODS:
  - FXDanmaku (1.0.6)
  - Masonry (1.1.0)

DEPENDENCIES:
  - FXDanmaku (from `./`)
  - Masonry

SPEC REPOS:
  https://github.com/cocoapods/specs.git:
    - Masonry

EXTERNAL SOURCES:
  FXDanmaku:
    :path: "./"

SPEC CHECKSUMS:
  FXDanmaku: bb4fbfa014499a18397dbb2c1995718661fa0dd4
  Masonry: 678fab65091a9290e40e2832a55e7ab731aad201

PODFILE CHECKSUM: 81da9163602680e826ace0f4c4c46198bc0a891d

COCOAPODS: 1.5.3
